
Microsoft Visual Studio Solution File, Format Version 12.00
# Visual Studio Version 16
VisualStudioVersion = 16.0.30225.117
MinimumVisualStudioVersion = 10.0.40219.1
Project("{FAE04EC0-301F-11D3-BF4B-00C04F79EFBC}") = "YourPen.Web", "YourPen.Web\YourPen.Web.csproj", "{95348BC2-BDAB-4438-94C6-AA312D9BBA03}"
EndProject
Project("{2150E333-8FDC-42A3-9474-1A3956D46DE8}") = "Domain", "Domain", "{E5417EA1-3D5C-46B4-90A6-EE91378E11BE}"
EndProject
Project("{2150E333-8FDC-42A3-9474-1A3956D46DE8}") = "Infrastructure", "Infrastructure", "{B3763F69-E170-4E74-A891-83F600590689}"
EndProject
Project("{2150E333-8FDC-42A3-9474-1A3956D46DE8}") = "Application", "Application", "{E933E7C9-5B19-40F3-A65E-E798A65E5756}"
EndProject
Project("{FAE04EC0-301F-11D3-BF4B-00C04F79EFBC}") = "YourPen.Domain.Core", "YourPen.Domain.Core\YourPen.Domain.Core.csproj", "{A41EB5CB-DABF-428A-AB8C-A23292DB2A3C}"
EndProject
Global
	GlobalSection(SolutionConfigurationPlatforms) = preSolution
		Debug|Any CPU = Debug|Any CPU
		Release|Any CPU = Release|Any CPU
	EndGlobalSection
	GlobalSection(ProjectConfigurationPlatforms) = postSolution
		{95348BC2-BDAB-4438-94C6-AA312D9BBA03}.Debug|Any CPU.ActiveCfg = Debug|Any CPU
		{95348BC2-BDAB-4438-94C6-AA312D9BBA03}.Debug|Any CPU.Build.0 = Debug|Any CPU
		{95348BC2-BDAB-4438-94C6-AA312D9BBA03}.Release|Any CPU.ActiveCfg = Release|Any CPU
		{95348BC2-BDAB-4438-94C6-AA312D9BBA03}.Release|Any CPU.Build.0 = Release|Any CPU
		{A41EB5CB-DABF-428A-AB8C-A23292DB2A3C}.Debug|Any CPU.ActiveCfg = Debug|Any CPU
		{A41EB5CB-DABF-428A-AB8C-A23292DB2A3C}.Debug|Any CPU.Build.0 = Debug|Any CPU
		{A41EB5CB-DABF-428A-AB8C-A23292DB2A3C}.Release|Any CPU.ActiveCfg = Release|Any CPU
		{A41EB5CB-DABF-428A-AB8C-A23292DB2A3C}.Release|Any CPU.Build.0 = Release|Any CPU
	EndGlobalSection
	GlobalSection(SolutionProperties) = preSolution
		HideSolutionNode = FALSE
	EndGlobalSection
	GlobalSection(NestedProjects) = preSolution
		{A41EB5CB-DABF-428A-AB8C-A23292DB2A3C} = {E5417EA1-3D5C-46B4-90A6-EE91378E11BE}
	EndGlobalSection
	GlobalSection(ExtensibilityGlobals) = postSolution
		SolutionGuid = {EC5A5861-BCCF-4460-A12B-246251D076A3}
	EndGlobalSection
EndGlobal
